{
    "_readme": [
        "This file locks the dependencies of your project to a known state",
        "Read more about it at https://getcomposer.org/doc/01-basic-usage.md#installing-dependencies",
        "This file is @generated automatically"
    ],
    "content-hash": "677cfaa9767fc53a5d3965c716dd4721",
    "packages": [
        {
            "name": "drupol/phpermutations",
            "version": "1.4.0",
            "source": {
                "type": "git",
                "url": "https://github.com/drupol/phpermutations.git",
                "reference": "869912ebee25a761f09518299004eefd1c73f280"
            },
            "dist": {
                "type": "zip",
                "url": "https://api.github.com/repos/drupol/phpermutations/zipball/869912ebee25a761f09518299004eefd1c73f280",
                "reference": "869912ebee25a761f09518299004eefd1c73f280",
                "shasum": ""
            },
            "require": {
                "php": ">= 7.1.3"
            },
            "require-dev": {
                "drupol/php-conventions": "^1.7.1",
                "phpunit/php-code-coverage": "^4 || ^5",
                "phpunit/phpunit": "^6 || ^7"
            },
            "type": "library",
            "autoload": {
                "psr-4": {
                    "drupol\\phpermutations\\": "src/",
                    "drupol\\phpermutations\\Tests\\": "tests/src/"
                }
            },
            "notification-url": "https://packagist.org/downloads/",
            "license": [
                "MIT"
            ],
            "authors": [
                {
                    "name": "Pol Dellaiera",
                    "email": "pol.dellaiera@protonmail.com"
                }
            ],
            "description": "Generators and iterators, permutations and combinations.",
            "homepage": "https://github.com/drupol/phpermutations",
            "keywords": [
                "combinations",
                "fibonacci",
                "iterators",
                "math",
                "numbers",
                "permutations",
                "prime numbers",
                "product"
            ],
            "support": {
                "issues": "https://github.com/drupol/phpermutations/issues",
                "source": "https://github.com/drupol/phpermutations"
            },
            "funding": [
                {
                    "url": "https://github.com/drupol",
                    "type": "github"
                }
            ],
            "time": "2020-05-11T07:42:22+00:00"
        },
        {
            "name": "mistralys/subsetsum",
            "version": "1.0.2",
            "source": {
                "type": "git",
                "url": "https://github.com/Mistralys/subsetsum.git",
                "reference": "ea41a29d8b0e403222b7fcf18a8f828a10016bbe"
            },
            "dist": {
                "type": "zip",
                "url": "https://api.github.com/repos/Mistralys/subsetsum/zipball/ea41a29d8b0e403222b7fcf18a8f828a10016bbe",
                "reference": "ea41a29d8b0e403222b7fcf18a8f828a10016bbe",
                "shasum": ""
            },
            "require": {
                "ext-bcmath": "*",
                "php": ">=7.1"
            },
            "require-dev": {
                "phpstan/phpstan": ">=0.12",
                "phpunit/phpunit": ">=8.5"
            },
            "type": "library",
            "autoload": {
                "psr-4": {
                    "Mistralys\\SubsetSum\\": "src/"
                },
                "classmap": [
                    "src/"
                ]
            },
            "notification-url": "https://packagist.org/downloads/",
            "license": [
                "MIT"
            ],
            "authors": [
                {
                    "name": "Sebastian Mordziol",
                    "email": "s.mordziol@mistralys.eu",
                    "role": "Lead"
                }
            ],
            "description": "PHP SubsetSum implementation to search for number combinations.",
            "support": {
                "issues": "https://github.com/Mistralys/subsetsum/issues",
                "source": "https://github.com/Mistralys/subsetsum/tree/1.0.2"
            },
            "time": "2021-10-31T09:29:24+00:00"
        }
    ],
    "packages-dev": [],
    "aliases": [],
    "minimum-stability": "stable",
    "stability-flags": [],
    "prefer-stable": false,
    "prefer-lowest": false,
    "platform": [],
    "platform-dev": [],
    "plugin-api-version": "2.3.0"
}
